// !$*UTF8*$!
{
	archiveVersion = 1;
	classes = {
	};
	objectVersion = 46;
	objects = {

/* Begin PBXBuildFile section */
		4C1006D31E6DAD7E0079BF50 /* buffer.c in Sources */ = {isa = PBXBuildFile; fileRef = 4C1006D11E6DAD7E0079BF50 /* buffer.c */; };
		4C1006D91E6FC4E70079BF50 /* skiplist.c in Sources */ = {isa = PBXBuildFile; fileRef = 4C1006D71E6FC4E70079BF50 /* skiplist.c */; };
		4C1006DE1E6FC5560079BF50 /* test_skiplist.c in Sources */ = {isa = PBXBuildFile; fileRef = 4C1006DC1E6FC5560079BF50 /* test_skiplist.c */; };
		4CF84F101E53F0F40086CF6C /* main.c in Sources */ = {isa = PBXBuildFile; fileRef = 4CF84F0F1E53F0F40086CF6C /* main.c */; };
		4CF84F181E53FC560086CF6C /* utils.c in Sources */ = {isa = PBXBuildFile; fileRef = 4CF84F161E53FC560086CF6C /* utils.c */; };
/* End PBXBuildFile section */

/* Begin PBXCopyFilesBuildPhase section */
		4CF84F0A1E53F0F30086CF6C /* CopyFiles */ = {
			isa = PBXCopyFilesBuildPhase;
			buildActionMask = 2147483647;
			dstPath = /usr/share/man/man1/;
			dstSubfolderSpec = 0;
			files = (
			);
			runOnlyForDeploymentPostprocessing = 1;
		};
/* End PBXCopyFilesBuildPhase section */

/* Begin PBXFileReference section */
		4C1006D11E6DAD7E0079BF50 /* buffer.c */ = {isa = PBXFileReference; fileEncoding = 4; lastKnownFileType = sourcecode.c.c; path = buffer.c; sourceTree = "<group>"; };
		4C1006D21E6DAD7E0079BF50 /* buffer.h */ = {isa = PBXFileReference; fileEncoding = 4; lastKnownFileType = sourcecode.c.h; path = buffer.h; sourceTree = "<group>"; };
		4C1006D71E6FC4E70079BF50 /* skiplist.c */ = {isa = PBXFileReference; fileEncoding = 4; lastKnownFileType = sourcecode.c.c; name = skiplist.c; path = ../../../lsmtree/src/skiplist.c; sourceTree = "<group>"; };
		4C1006D81E6FC4E70079BF50 /* skiplist.h */ = {isa = PBXFileReference; fileEncoding = 4; lastKnownFileType = sourcecode.c.h; name = skiplist.h; path = ../../../lsmtree/src/skiplist.h; sourceTree = "<group>"; };
		4C1006DA1E6FC5560079BF50 /* debug.h */ = {isa = PBXFileReference; fileEncoding = 4; lastKnownFileType = sourcecode.c.h; name = debug.h; path = ../../../lsmtree/src/debug.h; sourceTree = "<group>"; };
		4C1006DC1E6FC5560079BF50 /* test_skiplist.c */ = {isa = PBXFileReference; fileEncoding = 4; lastKnownFileType = sourcecode.c.c; name = test_skiplist.c; path = ../../../lsmtree/src/test_skiplist.c; sourceTree = "<group>"; };
		4C1006DD1E6FC5560079BF50 /* util.h */ = {isa = PBXFileReference; fileEncoding = 4; lastKnownFileType = sourcecode.c.h; name = util.h; path = ../../../lsmtree/src/util.h; sourceTree = "<group>"; };
		4CF84F0C1E53F0F30086CF6C /* lsmtree */ = {isa = PBXFileReference; explicitFileType = "compiled.mach-o.executable"; includeInIndex = 0; path = lsmtree; sourceTree = BUILT_PRODUCTS_DIR; };
		4CF84F0F1E53F0F40086CF6C /* main.c */ = {isa = PBXFileReference; lastKnownFileType = sourcecode.c.c; path = main.c; sourceTree = "<group>"; };
		4CF84F161E53FC560086CF6C /* utils.c */ = {isa = PBXFileReference; fileEncoding = 4; lastKnownFileType = sourcecode.c.c; path = utils.c; sourceTree = "<group>"; };
		4CF84F171E53FC560086CF6C /* utils.h */ = {isa = PBXFileReference; fileEncoding = 4; lastKnownFileType = sourcecode.c.h; path = utils.h; sourceTree = "<group>"; };
/* End PBXFileReference section */

/* Begin PBXFrameworksBuildPhase section */
		4CF84F091E53F0F30086CF6C /* Frameworks */ = {
			isa = PBXFrameworksBuildPhase;
			buildActionMask = 2147483647;
			files = (
			);
			runOnlyForDeploymentPostprocessing = 0;
		};
/* End PBXFrameworksBuildPhase section */

/* Begin PBXGroup section */
		4CF84F031E53F0F30086CF6C = {
			isa = PBXGroup;
			children = (
				4CF84F0E1E53F0F40086CF6C /* lsmtree */,
				4CF84F0D1E53F0F30086CF6C /* Products */,
			);
			sourceTree = "<group>";
		};
		4CF84F0D1E53F0F30086CF6C /* Products */ = {
			isa = PBXGroup;
			children = (
				4CF84F0C1E53F0F30086CF6C /* lsmtree */,
			);
			name = Products;
			sourceTree = "<group>";
		};
		4CF84F0E1E53F0F40086CF6C /* lsmtree */ = {
			isa = PBXGroup;
			children = (
				4CF84F0F1E53F0F40086CF6C /* main.c */,
				4C1006D71E6FC4E70079BF50 /* skiplist.c */,
				4C1006D81E6FC4E70079BF50 /* skiplist.h */,
				4CF84F161E53FC560086CF6C /* utils.c */,
				4C1006DA1E6FC5560079BF50 /* debug.h */,
				4C1006DC1E6FC5560079BF50 /* test_skiplist.c */,
				4C1006DD1E6FC5560079BF50 /* util.h */,
				4CF84F171E53FC560086CF6C /* utils.h */,
				4C1006D11E6DAD7E0079BF50 /* buffer.c */,
				4C1006D21E6DAD7E0079BF50 /* buffer.h */,
			);
			path = lsmtree;
			sourceTree = "<group>";
		};
/* End PBXGroup section */

/* Begin PBXNativeTarget section */
		4CF84F0B1E53F0F30086CF6C /* lsmtree */ = {
			isa = PBXNativeTarget;
			buildConfigurationList = 4CF84F131E53F0F40086CF6C /* Build configuration list for PBXNativeTarget "lsmtree" */;
			buildPhases = (
				4CF84F081E53F0F30086CF6C /* Sources */,
				4CF84F091E53F0F30086CF6C /* Frameworks */,
				4CF84F0A1E53F0F30086CF6C /* CopyFiles */,
			);
			buildRules = (
			);
			dependencies = (
			);
			name = lsmtree;
			productName = lsmtree;
			productReference = 4CF84F0C1E53F0F30086CF6C /* lsmtree */;
			productType = "com.apple.product-type.tool";
		};
/* End PBXNativeTarget section */

/* Begin PBXProject section */
		4CF84F041E53F0F30086CF6C /* Project object */ = {
			isa = PBXProject;
			attributes = {
				LastUpgradeCheck = 0720;
				ORGANIZATIONNAME = "Michael Hahn";
				TargetAttributes = {
					4CF84F0B1E53F0F30086CF6C = {
						CreatedOnToolsVersion = 7.2.1;
					};
				};
			};
			buildConfigurationList = 4CF84F071E53F0F30086CF6C /* Build configuration list for PBXProject "lsmtree" */;
			compatibilityVersion = "Xcode 3.2";
			developmentRegion = English;
			hasScannedForEncodings = 0;
			knownRegions = (
				en,
			);
			mainGroup = 4CF84F031E53F0F30086CF6C;
			productRefGroup = 4CF84F0D1E53F0F30086CF6C /* Products */;
			projectDirPath = "";
			projectRoot = "";
			targets = (
				4CF84F0B1E53F0F30086CF6C /* lsmtree */,
			);
		};
/* End PBXProject section */

/* Begin PBXSourcesBuildPhase section */
		4CF84F081E53F0F30086CF6C /* Sources */ = {
			isa = PBXSourcesBuildPhase;
			buildActionMask = 2147483647;
			files = (
				4CF84F101E53F0F40086CF6C /* main.c in Sources */,
				4C1006DE1E6FC5560079BF50 /* test_skiplist.c in Sources */,
				4C1006D31E6DAD7E0079BF50 /* buffer.c in Sources */,
				4C1006D91E6FC4E70079BF50 /* skiplist.c in Sources */,
				4CF84F181E53FC560086CF6C /* utils.c in Sources */,
			);
			runOnlyForDeploymentPostprocessing = 0;
		};
/* End PBXSourcesBuildPhase section */

/* Begin XCBuildConfiguration section */
		4CF84F111E53F0F40086CF6C /* Debug */ = {
			isa = XCBuildConfiguration;
			buildSettings = {
				ALWAYS_SEARCH_USER_PATHS = NO;
				CLANG_CXX_LANGUAGE_STANDARD = "gnu++0x";
				CLANG_CXX_LIBRARY = "libc++";
				CLANG_ENABLE_MODULES = YES;
				CLANG_ENABLE_OBJC_ARC = YES;
				CLANG_WARN_BOOL_CONVERSION = YES;
				CLANG_WARN_CONSTANT_CONVERSION = YES;
				CLANG_WARN_DIRECT_OBJC_ISA_USAGE = YES_ERROR;
				CLANG_WARN_EMPTY_BODY = YES;
				CLANG_WARN_ENUM_CONVERSION = YES;
				CLANG_WARN_INT_CONVERSION = YES;
				CLANG_WARN_OBJC_ROOT_CLASS = YES_ERROR;
				CLANG_WARN_UNREACHABLE_CODE = YES;
				CLANG_WARN__DUPLICATE_METHOD_MATCH = YES;
				CODE_SIGN_IDENTITY = "-";
				COPY_PHASE_STRIP = NO;
				DEBUG_INFORMATION_FORMAT = dwarf;
				ENABLE_STRICT_OBJC_MSGSEND = YES;
				ENABLE_TESTABILITY = YES;
				GCC_C_LANGUAGE_STANDARD = c99;
				GCC_DYNAMIC_NO_PIC = NO;
				GCC_NO_COMMON_BLOCKS = YES;
				GCC_OPTIMIZATION_LEVEL = 0;
				GCC_PREPROCESSOR_DEFINITIONS = (
					"DEBUG=1",
					"$(inherited)",
				);
				GCC_WARN_64_TO_32_BIT_CONVERSION = YES;
				GCC_WARN_ABOUT_RETURN_TYPE = YES_ERROR;
				GCC_WARN_UNDECLARED_SELECTOR = YES;
				GCC_WARN_UNINITIALIZED_AUTOS = YES_AGGRESSIVE;
				GCC_WARN_UNUSED_FUNCTION = YES;
				GCC_WARN_UNUSED_VARIABLE = YES;
				MACOSX_DEPLOYMENT_TARGET = 10.10;
				MTL_ENABLE_DEBUG_INFO = YES;
				ONLY_ACTIVE_ARCH = YES;
				SDKROOT = macosx;
			};
			name = Debug;
		};
		4CF84F121E53F0F40086CF6C /* Release */ = {
			isa = XCBuildConfiguration;
			buildSettings = {
				ALWAYS_SEARCH_USER_PATHS = NO;
				CLANG_CXX_LANGUAGE_STANDARD = "gnu++0x";
				CLANG_CXX_LIBRARY = "libc++";
				CLANG_ENABLE_MODULES = YES;
				CLANG_ENABLE_OBJC_ARC = YES;
				CLANG_WARN_BOOL_CONVERSION = YES;
				CLANG_WARN_CONSTANT_CONVERSION = YES;
				CLANG_WARN_DIRECT_OBJC_ISA_USAGE = YES_ERROR;
				CLANG_WARN_EMPTY_BODY = YES;
				CLANG_WARN_ENUM_CONVERSION = YES;
				CLANG_WARN_INT_CONVERSION = YES;
				CLANG_WARN_OBJC_ROOT_CLASS = YES_ERROR;
				CLANG_WARN_UNREACHABLE_CODE = YES;
				CLANG_WARN__DUPLICATE_METHOD_MATCH = YES;
				CODE_SIGN_IDENTITY = "-";
				COPY_PHASE_STRIP = NO;
				DEBUG_INFORMATION_FORMAT = "dwarf-with-dsym";
				ENABLE_NS_ASSERTIONS = NO;
				ENABLE_STRICT_OBJC_MSGSEND = YES;
				GCC_C_LANGUAGE_STANDARD = c99;
				GCC_NO_COMMON_BLOCKS = YES;
				GCC_WARN_64_TO_32_BIT_CONVERSION = YES;
				GCC_WARN_ABOUT_RETURN_TYPE = YES_ERROR;
				GCC_WARN_UNDECLARED_SELECTOR = YES;
				GCC_WARN_UNINITIALIZED_AUTOS = YES_AGGRESSIVE;
				GCC_WARN_UNUSED_FUNCTION = YES;
				GCC_WARN_UNUSED_VARIABLE = YES;
				MACOSX_DEPLOYMENT_TARGET = 10.10;
				MTL_ENABLE_DEBUG_INFO = NO;
				SDKROOT = macosx;
			};
			name = Release;
		};
		4CF84F141E53F0F40086CF6C /* Debug */ = {
			isa = XCBuildConfiguration;
			buildSettings = {
				PRODUCT_NAME = "$(TARGET_NAME)";
			};
			name = Debug;
		};
		4CF84F151E53F0F40086CF6C /* Release */ = {
			isa = XCBuildConfiguration;
			buildSettings = {
				PRODUCT_NAME = "$(TARGET_NAME)";
			};
			name = Release;
		};
/* End XCBuildConfiguration section */

/* Begin XCConfigurationList section */
		4CF84F071E53F0F30086CF6C /* Build configuration list for PBXProject "lsmtree" */ = {
			isa = XCConfigurationList;
			buildConfigurations = (
				4CF84F111E53F0F40086CF6C /* Debug */,
				4CF84F121E53F0F40086CF6C /* Release */,
			);
			defaultConfigurationIsVisible = 0;
			defaultConfigurationName = Release;
		};
		4CF84F131E53F0F40086CF6C /* Build configuration list for PBXNativeTarget "lsmtree" */ = {
			isa = XCConfigurationList;
			buildConfigurations = (
				4CF84F141E53F0F40086CF6C /* Debug */,
				4CF84F151E53F0F40086CF6C /* Release */,
			);
			defaultConfigurationIsVisible = 0;
			defaultConfigurationName = Release;
		};
/* End XCConfigurationList section */
	};
	rootObject = 4CF84F041E53F0F30086CF6C /* Project object */;
}
